// !$*UTF8*$!
{
	archiveVersion = 1;
	classes = {
	};
	objectVersion = 50;
	objects = {

/* Begin PBXBuildFile section */
		821A7DF4269263050044AC7D /* ScreenSaverApp.swift in Sources */ = {isa = PBXBuildFile; fileRef = 821A7DF3269263050044AC7D /* ScreenSaverApp.swift */; };
		821A7DF6269263050044AC7D /* ContentView.swift in Sources */ = {isa = PBXBuildFile; fileRef = 821A7DF5269263050044AC7D /* ContentView.swift */; };
		821A7DF8269263060044AC7D /* Assets.xcassets in Resources */ = {isa = PBXBuildFile; fileRef = 821A7DF7269263060044AC7D /* Assets.xcassets */; };
		821A7DFB269263060044AC7D /* Preview Assets.xcassets in Resources */ = {isa = PBXBuildFile; fileRef = 821A7DFA269263060044AC7D /* Preview Assets.xcassets */; };
		821A7E06269263060044AC7D /* ScreenSaverTests.swift in Sources */ = {isa = PBXBuildFile; fileRef = 821A7E05269263060044AC7D /* ScreenSaverTests.swift */; };
		821A7E11269263060044AC7D /* ScreenSaverUITests.swift in Sources */ = {isa = PBXBuildFile; fileRef = 821A7E10269263060044AC7D /* ScreenSaverUITests.swift */; };
		82844AB12694AD86009B1CA5 /* screen1.m4v in Resources */ = {isa = PBXBuildFile; fileRef = 82844AB02694AD86009B1CA5 /* screen1.m4v */; };
		828DA45F2696D7D100CA321A /* screen2.m4v in Resources */ = {isa = PBXBuildFile; fileRef = 828DA45E2696D7D100CA321A /* screen2.m4v */; };
/* End PBXBuildFile section */

/* Begin PBXContainerItemProxy section */
		821A7E02269263060044AC7D /* PBXContainerItemProxy */ = {
			isa = PBXContainerItemProxy;
			containerPortal = 821A7DE8269263050044AC7D /* Project object */;
			proxyType = 1;
			remoteGlobalIDString = 821A7DEF269263050044AC7D;
			remoteInfo = ScreenSaver;
		};
		821A7E0D269263060044AC7D /* PBXContainerItemProxy */ = {
			isa = PBXContainerItemProxy;
			containerPortal = 821A7DE8269263050044AC7D /* Project object */;
			proxyType = 1;
			remoteGlobalIDString = 821A7DEF269263050044AC7D;
			remoteInfo = ScreenSaver;
		};
/* End PBXContainerItemProxy section */

/* Begin PBXFileReference section */
		821A7DF0269263050044AC7D /* ScreenSaver.app */ = {isa = PBXFileReference; explicitFileType = wrapper.application; includeInIndex = 0; path = ScreenSaver.app; sourceTree = BUILT_PRODUCTS_DIR; };
		821A7DF3269263050044AC7D /* ScreenSaverApp.swift */ = {isa = PBXFileReference; lastKnownFileType = sourcecode.swift; path = ScreenSaverApp.swift; sourceTree = "<group>"; };
		821A7DF5269263050044AC7D /* ContentView.swift */ = {isa = PBXFileReference; lastKnownFileType = sourcecode.swift; path = ContentView.swift; sourceTree = "<group>"; };
		821A7DF7269263060044AC7D /* Assets.xcassets */ = {isa = PBXFileReference; lastKnownFileType = folder.assetcatalog; path = Assets.xcassets; sourceTree = "<group>"; };
		821A7DFA269263060044AC7D /* Preview Assets.xcassets */ = {isa = PBXFileReference; lastKnownFileType = folder.assetcatalog; path = "Preview Assets.xcassets"; sourceTree = "<group>"; };
		821A7DFC269263060044AC7D /* Info.plist */ = {isa = PBXFileReference; lastKnownFileType = text.plist.xml; path = Info.plist; sourceTree = "<group>"; };
		821A7E01269263060044AC7D /* ScreenSaverTests.xctest */ = {isa = PBXFileReference; explicitFileType = wrapper.cfbundle; includeInIndex = 0; path = ScreenSaverTests.xctest; sourceTree = BUILT_PRODUCTS_DIR; };
		821A7E05269263060044AC7D /* ScreenSaverTests.swift */ = {isa = PBXFileReference; lastKnownFileType = sourcecode.swift; path = ScreenSaverTests.swift; sourceTree = "<group>"; };
		821A7E07269263060044AC7D /* Info.plist */ = {isa = PBXFileReference; lastKnownFileType = text.plist.xml; path = Info.plist; sourceTree = "<group>"; };
		821A7E0C269263060044AC7D /* ScreenSaverUITests.xctest */ = {isa = PBXFileReference; explicitFileType = wrapper.cfbundle; includeInIndex = 0; path = ScreenSaverUITests.xctest; sourceTree = BUILT_PRODUCTS_DIR; };
		821A7E10269263060044AC7D /* ScreenSaverUITests.swift */ = {isa = PBXFileReference; lastKnownFileType = sourcecode.swift; path = ScreenSaverUITests.swift; sourceTree = "<group>"; };
		821A7E12269263060044AC7D /* Info.plist */ = {isa = PBXFileReference; lastKnownFileType = text.plist.xml; path = Info.plist; sourceTree = "<group>"; };
		82844AB02694AD86009B1CA5 /* screen1.m4v */ = {isa = PBXFileReference; lastKnownFileType = file; name = screen1.m4v; path = ../../../../Desktop/screen1.m4v; sourceTree = "<group>"; };
		828DA45E2696D7D100CA321A /* screen2.m4v */ = {isa = PBXFileReference; lastKnownFileType = file; name = screen2.m4v; path = ../../../../Desktop/screen2.m4v; sourceTree = "<group>"; };
/* End PBXFileReference section */

/* Begin PBXFrameworksBuildPhase section */
		821A7DED269263050044AC7D /* Frameworks */ = {
			isa = PBXFrameworksBuildPhase;
			buildActionMask = 2147483647;
			files = (
			);
			runOnlyForDeploymentPostprocessing = 0;
		};
		821A7DFE269263060044AC7D /* Frameworks */ = {
			isa = PBXFrameworksBuildPhase;
			buildActionMask = 2147483647;
			files = (
			);
			runOnlyForDeploymentPostprocessing = 0;
		};
		821A7E09269263060044AC7D /* Frameworks */ = {
			isa = PBXFrameworksBuildPhase;
			buildActionMask = 2147483647;
			files = (
			);
			runOnlyForDeploymentPostprocessing = 0;
		};
/* End PBXFrameworksBuildPhase section */

/* Begin PBXGroup section */
		821A7DE7269263050044AC7D = {
			isa = PBXGroup;
			children = (
				821A7DF2269263050044AC7D /* ScreenSaver */,
				821A7E04269263060044AC7D /* ScreenSaverTests */,
				821A7E0F269263060044AC7D /* ScreenSaverUITests */,
				821A7DF1269263050044AC7D /* Products */,
			);
			sourceTree = "<group>";
		};
		821A7DF1269263050044AC7D /* Products */ = {
			isa = PBXGroup;
			children = (
				821A7DF0269263050044AC7D /* ScreenSaver.app */,
				821A7E01269263060044AC7D /* ScreenSaverTests.xctest */,
				821A7E0C269263060044AC7D /* ScreenSaverUITests.xctest */,
			);
			name = Products;
			sourceTree = "<group>";
		};
		821A7DF2269263050044AC7D /* ScreenSaver */ = {
			isa = PBXGroup;
			children = (
				821A7DF3269263050044AC7D /* ScreenSaverApp.swift */,
				821A7DF5269263050044AC7D /* ContentView.swift */,
				82844AB02694AD86009B1CA5 /* screen1.m4v */,
				828DA45E2696D7D100CA321A /* screen2.m4v */,
				821A7DF7269263060044AC7D /* Assets.xcassets */,
				821A7DFC269263060044AC7D /* Info.plist */,
				821A7DF9269263060044AC7D /* Preview Content */,
			);
			path = ScreenSaver;
			sourceTree = "<group>";
		};
		821A7DF9269263060044AC7D /* Preview Content */ = {
			isa = PBXGroup;
			children = (
				821A7DFA269263060044AC7D /* Preview Assets.xcassets */,
			);
			path = "Preview Content";
			sourceTree = "<group>";
		};
		821A7E04269263060044AC7D /* ScreenSaverTests */ = {
			isa = PBXGroup;
			children = (
				821A7E05269263060044AC7D /* ScreenSaverTests.swift */,
				821A7E07269263060044AC7D /* Info.plist */,
			);
			path = ScreenSaverTests;
			sourceTree = "<group>";
		};
		821A7E0F269263060044AC7D /* ScreenSaverUITests */ = {
			isa = PBXGroup;
			children = (
				821A7E10269263060044AC7D /* ScreenSaverUITests.swift */,
				821A7E12269263060044AC7D /* Info.plist */,
			);
			path = ScreenSaverUITests;
			sourceTree = "<group>";
		};
/* End PBXGroup section */

/* Begin PBXNativeTarget section */
		821A7DEF269263050044AC7D /* ScreenSaver */ = {
			isa = PBXNativeTarget;
			buildConfigurationList = 821A7E15269263060044AC7D /* Build configuration list for PBXNativeTarget "ScreenSaver" */;
			buildPhases = (
				821A7DEC269263050044AC7D /* Sources */,
				821A7DED269263050044AC7D /* Frameworks */,
				821A7DEE269263050044AC7D /* Resources */,
			);
			buildRules = (
			);
			dependencies = (
			);
			name = ScreenSaver;
			productName = ScreenSaver;
			productReference = 821A7DF0269263050044AC7D /* ScreenSaver.app */;
			productType = "com.apple.product-type.application";
		};
		821A7E00269263060044AC7D /* ScreenSaverTests */ = {
			isa = PBXNativeTarget;
			buildConfigurationList = 821A7E18269263060044AC7D /* Build configuration list for PBXNativeTarget "ScreenSaverTests" */;
			buildPhases = (
				821A7DFD269263060044AC7D /* Sources */,
				821A7DFE269263060044AC7D /* Frameworks */,
				821A7DFF269263060044AC7D /* Resources */,
			);
			buildRules = (
			);
			dependencies = (
				821A7E03269263060044AC7D /* PBXTargetDependency */,
			);
			name = ScreenSaverTests;
			productName = ScreenSaverTests;
			productReference = 821A7E01269263060044AC7D /* ScreenSaverTests.xctest */;
			productType = "com.apple.product-type.bundle.unit-test";
		};
		821A7E0B269263060044AC7D /* ScreenSaverUITests */ = {
			isa = PBXNativeTarget;
			buildConfigurationList = 821A7E1B269263060044AC7D /* Build configuration list for PBXNativeTarget "ScreenSaverUITests" */;
			buildPhases = (
				821A7E08269263060044AC7D /* Sources */,
				821A7E09269263060044AC7D /* Frameworks */,
				821A7E0A269263060044AC7D /* Resources */,
			);
			buildRules = (
			);
			dependencies = (
				821A7E0E269263060044AC7D /* PBXTargetDependency */,
			);
			name = ScreenSaverUITests;
			productName = ScreenSaverUITests;
			productReference = 821A7E0C269263060044AC7D /* ScreenSaverUITests.xctest */;
			productType = "com.apple.product-type.bundle.ui-testing";
		};
/* End PBXNativeTarget section */

/* Begin PBXProject section */
		821A7DE8269263050044AC7D /* Project object */ = {
			isa = PBXProject;
			attributes = {
				LastSwiftUpdateCheck = 1240;
				LastUpgradeCheck = 1240;
				TargetAttributes = {
					821A7DEF269263050044AC7D = {
						CreatedOnToolsVersion = 12.4;
					};
					821A7E00269263060044AC7D = {
						CreatedOnToolsVersion = 12.4;
						TestTargetID = 821A7DEF269263050044AC7D;
					};
					821A7E0B269263060044AC7D = {
						CreatedOnToolsVersion = 12.4;
						TestTargetID = 821A7DEF269263050044AC7D;
					};
				};
			};
			buildConfigurationList = 821A7DEB269263050044AC7D /* Build configuration list for PBXProject "ScreenSaver" */;
			compatibilityVersion = "Xcode 9.3";
			developmentRegion = en;
			hasScannedForEncodings = 0;
			knownRegions = (
				en,
				Base,
			);
			mainGroup = 821A7DE7269263050044AC7D;
			productRefGroup = 821A7DF1269263050044AC7D /* Products */;
			projectDirPath = "";
			projectRoot = "";
			targets = (
				821A7DEF269263050044AC7D /* ScreenSaver */,
				821A7E00269263060044AC7D /* ScreenSaverTests */,
				821A7E0B269263060044AC7D /* ScreenSaverUITests */,
			);
		};
/* End PBXProject section */

/* Begin PBXResourcesBuildPhase section */
		821A7DEE269263050044AC7D /* Resources */ = {
			isa = PBXResourcesBuildPhase;
			buildActionMask = 2147483647;
			files = (
				821A7DFB269263060044AC7D /* Preview Assets.xcassets in Resources */,
				82844AB12694AD86009B1CA5 /* screen1.m4v in Resources */,
				828DA45F2696D7D100CA321A /* screen2.m4v in Resources */,
				821A7DF8269263060044AC7D /* Assets.xcassets in Resources */,
			);
			runOnlyForDeploymentPostprocessing = 0;
		};
		821A7DFF269263060044AC7D /* Resources */ = {
			isa = PBXResourcesBuildPhase;
			buildActionMask = 2147483647;
			files = (
			);
			runOnlyForDeploymentPostprocessing = 0;
		};
		821A7E0A269263060044AC7D /* Resources */ = {
			isa = PBXResourcesBuildPhase;
			buildActionMask = 2147483647;
			files = (
			);
			runOnlyForDeploymentPostprocessing = 0;
		};
/* End PBXResourcesBuildPhase section */

/* Begin PBXSourcesBuildPhase section */
		821A7DEC269263050044AC7D /* Sources */ = {
			isa = PBXSourcesBuildPhase;
			buildActionMask = 2147483647;
			files = (
				821A7DF6269263050044AC7D /* ContentView.swift in Sources */,
				821A7DF4269263050044AC7D /* ScreenSaverApp.swift in Sources */,
			);
			runOnlyForDeploymentPostprocessing = 0;
		};
		821A7DFD269263060044AC7D /* Sources */ = {
			isa = PBXSourcesBuildPhase;
			buildActionMask = 2147483647;
			files = (
				821A7E06269263060044AC7D /* ScreenSaverTests.swift in Sources */,
			);
			runOnlyForDeploymentPostprocessing = 0;
		};
		821A7E08269263060044AC7D /* Sources */ = {
			isa = PBXSourcesBuildPhase;
			buildActionMask = 2147483647;
			files = (
				821A7E11269263060044AC7D /* ScreenSaverUITests.swift in Sources */,
			);
			runOnlyForDeploymentPostprocessing = 0;
		};
/* End PBXSourcesBuildPhase section */

/* Begin PBXTargetDependency section */
		821A7E03269263060044AC7D /* PBXTargetDependency */ = {
			isa = PBXTargetDependency;
			target = 821A7DEF269263050044AC7D /* ScreenSaver */;
			targetProxy = 821A7E02269263060044AC7D /* PBXContainerItemProxy */;
		};
		821A7E0E269263060044AC7D /* PBXTargetDependency */ = {
			isa = PBXTargetDependency;
			target = 821A7DEF269263050044AC7D /* ScreenSaver */;
			targetProxy = 821A7E0D269263060044AC7D /* PBXContainerItemProxy */;
		};
/* End PBXTargetDependency section */

/* Begin XCBuildConfiguration section */
		821A7E13269263060044AC7D /* Debug */ = {
			isa = XCBuildConfiguration;
			buildSettings = {
				ALWAYS_SEARCH_USER_PATHS = NO;
				CLANG_ANALYZER_NONNULL = YES;
				CLANG_ANALYZER_NUMBER_OBJECT_CONVERSION = YES_AGGRESSIVE;
				CLANG_CXX_LANGUAGE_STANDARD = "gnu++14";
				CLANG_CXX_LIBRARY = "libc++";
				CLANG_ENABLE_MODULES = YES;
				CLANG_ENABLE_OBJC_ARC = YES;
				CLANG_ENABLE_OBJC_WEAK = YES;
				CLANG_WARN_BLOCK_CAPTURE_AUTORELEASING = YES;
				CLANG_WARN_BOOL_CONVERSION = YES;
				CLANG_WARN_COMMA = YES;
				CLANG_WARN_CONSTANT_CONVERSION = YES;
				CLANG_WARN_DEPRECATED_OBJC_IMPLEMENTATIONS = YES;
				CLANG_WARN_DIRECT_OBJC_ISA_USAGE = YES_ERROR;
				CLANG_WARN_DOCUMENTATION_COMMENTS = YES;
				CLANG_WARN_EMPTY_BODY = YES;
				CLANG_WARN_ENUM_CONVERSION = YES;
				CLANG_WARN_INFINITE_RECURSION = YES;
				CLANG_WARN_INT_CONVERSION = YES;
				CLANG_WARN_NON_LITERAL_NULL_CONVERSION = YES;
				CLANG_WARN_OBJC_IMPLICIT_RETAIN_SELF = YES;
				CLANG_WARN_OBJC_LITERAL_CONVERSION = YES;
				CLANG_WARN_OBJC_ROOT_CLASS = YES_ERROR;
				CLANG_WARN_QUOTED_INCLUDE_IN_FRAMEWORK_HEADER = YES;
				CLANG_WARN_RANGE_LOOP_ANALYSIS = YES;
				CLANG_WARN_STRICT_PROTOTYPES = YES;
				CLANG_WARN_SUSPICIOUS_MOVE = YES;
				CLANG_WARN_UNGUARDED_AVAILABILITY = YES_AGGRESSIVE;
				CLANG_WARN_UNREACHABLE_CODE = YES;
				CLANG_WARN__DUPLICATE_METHOD_MATCH = YES;
				COPY_PHASE_STRIP = NO;
				DEBUG_INFORMATION_FORMAT = dwarf;
				ENABLE_STRICT_OBJC_MSGSEND = YES;
				ENABLE_TESTABILITY = YES;
				GCC_C_LANGUAGE_STANDARD = gnu11;
				GCC_DYNAMIC_NO_PIC = NO;
				GCC_NO_COMMON_BLOCKS = YES;
				GCC_OPTIMIZATION_LEVEL = 0;
				GCC_PREPROCESSOR_DEFINITIONS = (
					"DEBUG=1",
					"$(inherited)",
				);
				GCC_WARN_64_TO_32_BIT_CONVERSION = YES;
				GCC_WARN_ABOUT_RETURN_TYPE = YES_ERROR;
				GCC_WARN_UNDECLARED_SELECTOR = YES;
				GCC_WARN_UNINITIALIZED_AUTOS = YES_AGGRESSIVE;
				GCC_WARN_UNUSED_FUNCTION = YES;
				GCC_WARN_UNUSED_VARIABLE = YES;
				IPHONEOS_DEPLOYMENT_TARGET = 14.4;
				MTL_ENABLE_DEBUG_INFO = INCLUDE_SOURCE;
				MTL_FAST_MATH = YES;
				ONLY_ACTIVE_ARCH = YES;
				SDKROOT = iphoneos;
				SWIFT_ACTIVE_COMPILATION_CONDITIONS = DEBUG;
				SWIFT_OPTIMIZATION_LEVEL = "-Onone";
			};
			name = Debug;
		};
		821A7E14269263060044AC7D /* Release */ = {
			isa = XCBuildConfiguration;
			buildSettings = {
				ALWAYS_SEARCH_USER_PATHS = NO;
				CLANG_ANALYZER_NONNULL = YES;
				CLANG_ANALYZER_NUMBER_OBJECT_CONVERSION = YES_AGGRESSIVE;
				CLANG_CXX_LANGUAGE_STANDARD = "gnu++14";
				CLANG_CXX_LIBRARY = "libc++";
				CLANG_ENABLE_MODULES = YES;
				CLANG_ENABLE_OBJC_ARC = YES;
				CLANG_ENABLE_OBJC_WEAK = YES;
				CLANG_WARN_BLOCK_CAPTURE_AUTORELEASING = YES;
				CLANG_WARN_BOOL_CONVERSION = YES;
				CLANG_WARN_COMMA = YES;
				CLANG_WARN_CONSTANT_CONVERSION = YES;
				CLANG_WARN_DEPRECATED_OBJC_IMPLEMENTATIONS = YES;
				CLANG_WARN_DIRECT_OBJC_ISA_USAGE = YES_ERROR;
				CLANG_WARN_DOCUMENTATION_COMMENTS = YES;
				CLANG_WARN_EMPTY_BODY = YES;
				CLANG_WARN_ENUM_CONVERSION = YES;
				CLANG_WARN_INFINITE_RECURSION = YES;
				CLANG_WARN_INT_CONVERSION = YES;
				CLANG_WARN_NON_LITERAL_NULL_CONVERSION = YES;
				CLANG_WARN_OBJC_IMPLICIT_RETAIN_SELF = YES;
				CLANG_WARN_OBJC_LITERAL_CONVERSION = YES;
				CLANG_WARN_OBJC_ROOT_CLASS = YES_ERROR;
				CLANG_WARN_QUOTED_INCLUDE_IN_FRAMEWORK_HEADER = YES;
				CLANG_WARN_RANGE_LOOP_ANALYSIS = YES;
				CLANG_WARN_STRICT_PROTOTYPES = YES;
				CLANG_WARN_SUSPICIOUS_MOVE = YES;
				CLANG_WARN_UNGUARDED_AVAILABILITY = YES_AGGRESSIVE;
				CLANG_WARN_UNREACHABLE_CODE = YES;
				CLANG_WARN__DUPLICATE_METHOD_MATCH = YES;
				COPY_PHASE_STRIP = NO;
				DEBUG_INFORMATION_FORMAT = "dwarf-with-dsym";
				ENABLE_NS_ASSERTIONS = NO;
				ENABLE_STRICT_OBJC_MSGSEND = YES;
				GCC_C_LANGUAGE_STANDARD = gnu11;
				GCC_NO_COMMON_BLOCKS = YES;
				GCC_WARN_64_TO_32_BIT_CONVERSION = YES;
				GCC_WARN_ABOUT_RETURN_TYPE = YES_ERROR;
				GCC_WARN_UNDECLARED_SELECTOR = YES;
				GCC_WARN_UNINITIALIZED_AUTOS = YES_AGGRESSIVE;
				GCC_WARN_UNUSED_FUNCTION = YES;
				GCC_WARN_UNUSED_VARIABLE = YES;
				IPHONEOS_DEPLOYMENT_TARGET = 14.4;
				MTL_ENABLE_DEBUG_INFO = NO;
				MTL_FAST_MATH = YES;
				SDKROOT = iphoneos;
				SWIFT_COMPILATION_MODE = wholemodule;
				SWIFT_OPTIMIZATION_LEVEL = "-O";
				VALIDATE_PRODUCT = YES;
			};
			name = Release;
		};
		821A7E16269263060044AC7D /* Debug */ = {
			isa = XCBuildConfiguration;
			buildSettings = {
				ASSETCATALOG_COMPILER_APPICON_NAME = AppIcon;
				ASSETCATALOG_COMPILER_GLOBAL_ACCENT_COLOR_NAME = AccentColor;
				CODE_SIGN_STYLE = Automatic;
				DEVELOPMENT_ASSET_PATHS = "\"ScreenSaver/Preview Content\"";
				DEVELOPMENT_TEAM = T8ALTGMVXN;
				ENABLE_PREVIEWS = YES;
				INFOPLIST_FILE = ScreenSaver/Info.plist;
				IPHONEOS_DEPLOYMENT_TARGET = 14.0;
				LD_RUNPATH_SEARCH_PATHS = (
					"$(inherited)",
					"@executable_path/Frameworks",
				);
				PRODUCT_BUNDLE_IDENTIFIER = dev.casp.ScreenSaver;
				PRODUCT_NAME = "$(TARGET_NAME)";
				SWIFT_VERSION = 5.0;
				TARGETED_DEVICE_FAMILY = "1,2";
			};
			name = Debug;
		};
		821A7E17269263060044AC7D /* Release */ = {
			isa = XCBuildConfiguration;
			buildSettings = {
				ASSETCATALOG_COMPILER_APPICON_NAME = AppIcon;
				ASSETCATALOG_COMPILER_GLOBAL_ACCENT_COLOR_NAME = AccentColor;
				CODE_SIGN_STYLE = Automatic;
				DEVELOPMENT_ASSET_PATHS = "\"ScreenSaver/Preview Content\"";
				DEVELOPMENT_TEAM = T8ALTGMVXN;
				ENABLE_PREVIEWS = YES;
				INFOPLIST_FILE = ScreenSaver/Info.plist;
				IPHONEOS_DEPLOYMENT_TARGET = 14.0;
				LD_RUNPATH_SEARCH_PATHS = (
					"$(inherited)",
					"@executable_path/Frameworks",
				);
				PRODUCT_BUNDLE_IDENTIFIER = dev.casp.ScreenSaver;
				PRODUCT_NAME = "$(TARGET_NAME)";
				SWIFT_VERSION = 5.0;
				TARGETED_DEVICE_FAMILY = "1,2";
			};
			name = Release;
		};
		821A7E19269263060044AC7D /* Debug */ = {
			isa = XCBuildConfiguration;
			buildSettings = {
				ALWAYS_EMBED_SWIFT_STANDARD_LIBRARIES = YES;
				BUNDLE_LOADER = "$(TEST_HOST)";
				CODE_SIGN_STYLE = Automatic;
				DEVELOPMENT_TEAM = T8ALTGMVXN;
				INFOPLIST_FILE = ScreenSaverTests/Info.plist;
				IPHONEOS_DEPLOYMENT_TARGET = 14.0;
				LD_RUNPATH_SEARCH_PATHS = (
					"$(inherited)",
					"@executable_path/Frameworks",
					"@loader_path/Frameworks",
				);
				PRODUCT_BUNDLE_IDENTIFIER = dev.casp.ScreenSaverTests;
				PRODUCT_NAME = "$(TARGET_NAME)";
				SWIFT_VERSION = 5.0;
				TARGETED_DEVICE_FAMILY = "1,2";
				TEST_HOST = "$(BUILT_PRODUCTS_DIR)/ScreenSaver.app/ScreenSaver";
			};
			name = Debug;
		};
		821A7E1A269263060044AC7D /* Release */ = {
			isa = XCBuildConfiguration;
			buildSettings = {
				ALWAYS_EMBED_SWIFT_STANDARD_LIBRARIES = YES;
				BUNDLE_LOADER = "$(TEST_HOST)";
				CODE_SIGN_STYLE = Automatic;
				DEVELOPMENT_TEAM = T8ALTGMVXN;
				INFOPLIST_FILE = ScreenSaverTests/Info.plist;
				IPHONEOS_DEPLOYMENT_TARGET = 14.0;
				LD_RUNPATH_SEARCH_PATHS = (
					"$(inherited)",
					"@executable_path/Frameworks",
					"@loader_path/Frameworks",
				);
				PRODUCT_BUNDLE_IDENTIFIER = dev.casp.ScreenSaverTests;
				PRODUCT_NAME = "$(TARGET_NAME)";
				SWIFT_VERSION = 5.0;
				TARGETED_DEVICE_FAMILY = "1,2";
				TEST_HOST = "$(BUILT_PRODUCTS_DIR)/ScreenSaver.app/ScreenSaver";
			};
			name = Release;
		};
		821A7E1C269263060044AC7D /* Debug */ = {
			isa = XCBuildConfiguration;
			buildSettings = {
				ALWAYS_EMBED_SWIFT_STANDARD_LIBRARIES = YES;
				CODE_SIGN_STYLE = Automatic;
				DEVELOPMENT_TEAM = T8ALTGMVXN;
				INFOPLIST_FILE = ScreenSaverUITests/Info.plist;
				LD_RUNPATH_SEARCH_PATHS = (
					"$(inherited)",
					"@executable_path/Frameworks",
					"@loader_path/Frameworks",
				);
				PRODUCT_BUNDLE_IDENTIFIER = dev.casp.ScreenSaverUITests;
				PRODUCT_NAME = "$(TARGET_NAME)";
				SWIFT_VERSION = 5.0;
				TARGETED_DEVICE_FAMILY = "1,2";
				TEST_TARGET_NAME = ScreenSaver;
			};
			name = Debug;
		};
		821A7E1D269263060044AC7D /* Release */ = {
			isa = XCBuildConfiguration;
			buildSettings = {
				ALWAYS_EMBED_SWIFT_STANDARD_LIBRARIES = YES;
				CODE_SIGN_STYLE = Automatic;
				DEVELOPMENT_TEAM = T8ALTGMVXN;
				INFOPLIST_FILE = ScreenSaverUITests/Info.plist;
				LD_RUNPATH_SEARCH_PATHS = (
					"$(inherited)",
					"@executable_path/Frameworks",
					"@loader_path/Frameworks",
				);
				PRODUCT_BUNDLE_IDENTIFIER = dev.casp.ScreenSaverUITests;
				PRODUCT_NAME = "$(TARGET_NAME)";
				SWIFT_VERSION = 5.0;
				TARGETED_DEVICE_FAMILY = "1,2";
				TEST_TARGET_NAME = ScreenSaver;
			};
			name = Release;
		};
/* End XCBuildConfiguration section */

/* Begin XCConfigurationList section */
		821A7DEB269263050044AC7D /* Build configuration list for PBXProject "ScreenSaver" */ = {
			isa = XCConfigurationList;
			buildConfigurations = (
				821A7E13269263060044AC7D /* Debug */,
				821A7E14269263060044AC7D /* Release */,
			);
			defaultConfigurationIsVisible = 0;
			defaultConfigurationName = Release;
		};
		821A7E15269263060044AC7D /* Build configuration list for PBXNativeTarget "ScreenSaver" */ = {
			isa = XCConfigurationList;
			buildConfigurations = (
				821A7E16269263060044AC7D /* Debug */,
				821A7E17269263060044AC7D /* Release */,
			);
			defaultConfigurationIsVisible = 0;
			defaultConfigurationName = Release;
		};
		821A7E18269263060044AC7D /* Build configuration list for PBXNativeTarget "ScreenSaverTests" */ = {
			isa = XCConfigurationList;
			buildConfigurations = (
				821A7E19269263060044AC7D /* Debug */,
				821A7E1A269263060044AC7D /* Release */,
			);
			defaultConfigurationIsVisible = 0;
			defaultConfigurationName = Release;
		};
		821A7E1B269263060044AC7D /* Build configuration list for PBXNativeTarget "ScreenSaverUITests" */ = {
			isa = XCConfigurationList;
			buildConfigurations = (
				821A7E1C269263060044AC7D /* Debug */,
				821A7E1D269263060044AC7D /* Release */,
			);
			defaultConfigurationIsVisible = 0;
			defaultConfigurationName = Release;
		};
/* End XCConfigurationList section */
	};
	rootObject = 821A7DE8269263050044AC7D /* Project object */;
}
